
Microsoft Visual Studio Solution File, Format Version 12.00
# Visual Studio 15
VisualStudioVersion = 15.0.26430.14
MinimumVisualStudioVersion = 10.0.40219.1
Project("{FAE04EC0-301F-11D3-BF4B-00C04F79EFBC}") = "Tavisca.Training2017.HandsOn.TrailingZero", "Tavisca.Training2017.HandsOn.TrailingZero\Tavisca.Training2017.HandsOn.TrailingZero.csproj", "{DE75CB0A-377B-42F5-B18A-C7F4B04BAAF4}"
EndProject
Global
	GlobalSection(SolutionConfigurationPlatforms) = preSolution
		Debug|Any CPU = Debug|Any CPU
		Release|Any CPU = Release|Any CPU
	EndGlobalSection
	GlobalSection(ProjectConfigurationPlatforms) = postSolution
		{DE75CB0A-377B-42F5-B18A-C7F4B04BAAF4}.Debug|Any CPU.ActiveCfg = Debug|Any CPU
		{DE75CB0A-377B-42F5-B18A-C7F4B04BAAF4}.Debug|Any CPU.Build.0 = Debug|Any CPU
		{DE75CB0A-377B-42F5-B18A-C7F4B04BAAF4}.Release|Any CPU.ActiveCfg = Release|Any CPU
		{DE75CB0A-377B-42F5-B18A-C7F4B04BAAF4}.Release|Any CPU.Build.0 = Release|Any CPU
	EndGlobalSection
	GlobalSection(SolutionProperties) = preSolution
		HideSolutionNode = FALSE
	EndGlobalSection
EndGlobal
