
Microsoft Visual Studio Solution File, Format Version 12.00
# Visual Studio 15
VisualStudioVersion = 15.0.26430.14
MinimumVisualStudioVersion = 10.0.40219.1
Project("{FAE04EC0-301F-11D3-BF4B-00C04F79EFBC}") = "Tavisca.Training2017.HandsOn.MergingArray", "Tavisca.Training2017.HandsOn.MergingArray\Tavisca.Training2017.HandsOn.MergingArray.csproj", "{1F3E9BF4-0DCB-48A8-A90F-340E7D0121B8}"
EndProject
Project("{FAE04EC0-301F-11D3-BF4B-00C04F79EFBC}") = "MergeSortClass", "MergeSortClass\MergeSortClass.csproj", "{7C121438-8ED7-45C6-B11C-326BF553B198}"
EndProject
Global
	GlobalSection(SolutionConfigurationPlatforms) = preSolution
		Debug|Any CPU = Debug|Any CPU
		Release|Any CPU = Release|Any CPU
	EndGlobalSection
	GlobalSection(ProjectConfigurationPlatforms) = postSolution
		{1F3E9BF4-0DCB-48A8-A90F-340E7D0121B8}.Debug|Any CPU.ActiveCfg = Debug|Any CPU
		{1F3E9BF4-0DCB-48A8-A90F-340E7D0121B8}.Debug|Any CPU.Build.0 = Debug|Any CPU
		{1F3E9BF4-0DCB-48A8-A90F-340E7D0121B8}.Release|Any CPU.ActiveCfg = Release|Any CPU
		{1F3E9BF4-0DCB-48A8-A90F-340E7D0121B8}.Release|Any CPU.Build.0 = Release|Any CPU
		{7C121438-8ED7-45C6-B11C-326BF553B198}.Debug|Any CPU.ActiveCfg = Debug|Any CPU
		{7C121438-8ED7-45C6-B11C-326BF553B198}.Debug|Any CPU.Build.0 = Debug|Any CPU
		{7C121438-8ED7-45C6-B11C-326BF553B198}.Release|Any CPU.ActiveCfg = Release|Any CPU
		{7C121438-8ED7-45C6-B11C-326BF553B198}.Release|Any CPU.Build.0 = Release|Any CPU
	EndGlobalSection
	GlobalSection(SolutionProperties) = preSolution
		HideSolutionNode = FALSE
	EndGlobalSection
EndGlobal
