
Microsoft Visual Studio Solution File, Format Version 12.00
# Visual Studio 15
VisualStudioVersion = 15.0.26430.14
MinimumVisualStudioVersion = 10.0.40219.1
Project("{FAE04EC0-301F-11D3-BF4B-00C04F79EFBC}") = "Tavisca.Training2017.HandsOn.GasConnectionLogin", "Tavisca.Training2017.HandsOn.GasConnectionLogin\Tavisca.Training2017.HandsOn.GasConnectionLogin.csproj", "{EB973BC9-1BCF-4CD9-BD66-DC9D42108D68}"
EndProject
Project("{FAE04EC0-301F-11D3-BF4B-00C04F79EFBC}") = "Tavisca.Training2017.HandsOn.GasConnLoginTesting", "Tavisca.Training2017.HandsOn.GasConnLoginTesting\Tavisca.Training2017.HandsOn.GasConnLoginTesting.csproj", "{49C1DB1A-AFF9-4A10-B83A-340B0749BED3}"
EndProject
Global
	GlobalSection(SolutionConfigurationPlatforms) = preSolution
		Debug|Any CPU = Debug|Any CPU
		Release|Any CPU = Release|Any CPU
	EndGlobalSection
	GlobalSection(ProjectConfigurationPlatforms) = postSolution
		{EB973BC9-1BCF-4CD9-BD66-DC9D42108D68}.Debug|Any CPU.ActiveCfg = Debug|Any CPU
		{EB973BC9-1BCF-4CD9-BD66-DC9D42108D68}.Debug|Any CPU.Build.0 = Debug|Any CPU
		{EB973BC9-1BCF-4CD9-BD66-DC9D42108D68}.Release|Any CPU.ActiveCfg = Release|Any CPU
		{EB973BC9-1BCF-4CD9-BD66-DC9D42108D68}.Release|Any CPU.Build.0 = Release|Any CPU
		{49C1DB1A-AFF9-4A10-B83A-340B0749BED3}.Debug|Any CPU.ActiveCfg = Debug|Any CPU
		{49C1DB1A-AFF9-4A10-B83A-340B0749BED3}.Debug|Any CPU.Build.0 = Debug|Any CPU
		{49C1DB1A-AFF9-4A10-B83A-340B0749BED3}.Release|Any CPU.ActiveCfg = Release|Any CPU
		{49C1DB1A-AFF9-4A10-B83A-340B0749BED3}.Release|Any CPU.Build.0 = Release|Any CPU
	EndGlobalSection
	GlobalSection(SolutionProperties) = preSolution
		HideSolutionNode = FALSE
	EndGlobalSection
EndGlobal
